
Microsoft Visual Studio Solution File, Format Version 12.00
# Visual Studio 15
VisualStudioVersion = 15.0.26730.12
MinimumVisualStudioVersion = 10.0.40219.1
Project("{2150E333-8FDC-42A3-9474-1A3956D46DE8}") = "src", "src", "{E3018A04-6209-4500-B8F2-706514407F90}"
EndProject
Project("{2150E333-8FDC-42A3-9474-1A3956D46DE8}") = "Solution Items", "Solution Items", "{F0B1C5EC-E0D0-46FC-957C-B99645ABF5B9}"
	ProjectSection(SolutionItems) = preProject
		README.md = README.md
		RELEASE.CHANGELOG.md = RELEASE.CHANGELOG.md
	EndProjectSection
EndProject
Project("{2150E333-8FDC-42A3-9474-1A3956D46DE8}") = "test", "test", "{5646565D-E0F8-4EB3-AE6A-6C288B831C7A}"
EndProject
Project("{2150E333-8FDC-42A3-9474-1A3956D46DE8}") = "samples", "samples", "{2E63B9B6-CE21-41D3-8B54-51454D8FA0BB}"
EndProject
Project("{2150E333-8FDC-42A3-9474-1A3956D46DE8}") = "NLog", "NLog", "{7A064171-6FA7-44CC-9819-2C383A3195D9}"
EndProject
Project("{2150E333-8FDC-42A3-9474-1A3956D46DE8}") = "AspNetCore", "AspNetCore", "{207FA88A-9F32-45A0-84AC-838383875A55}"
EndProject
Project("{2150E333-8FDC-42A3-9474-1A3956D46DE8}") = "Log4net", "Log4net", "{D28DFB15-FA6F-42EE-890C-E6300A187CCA}"
EndProject
Project("{2150E333-8FDC-42A3-9474-1A3956D46DE8}") = "Serilog", "Serilog", "{87F72A08-D504-4DB5-91DC-CDD4F8C6B85D}"
EndProject
Project("{9A19103F-16F7-4668-BE54-9A1E7A4F7556}") = "AWS.Logger.Log4net", "src\AWS.Logger.Log4net\AWS.Logger.Log4net.csproj", "{78312E9B-BC7C-4AF8-9153-DD72BBF4FD36}"
EndProject
Project("{9A19103F-16F7-4668-BE54-9A1E7A4F7556}") = "NLog.AWS.Logger", "src\NLog.AWS.Logger\NLog.AWS.Logger.csproj", "{5BBF70EA-A239-4A42-B1E6-83ADCC01153B}"
EndProject
Project("{FAE04EC0-301F-11D3-BF4B-00C04F79EFBC}") = "ConfigExample", "samples\NLog\ConfigExample\ConfigExample.csproj", "{71373EC1-B7CD-41E5-9AEE-2D58269079A2}"
EndProject
Project("{FAE04EC0-301F-11D3-BF4B-00C04F79EFBC}") = "ProgrammaticConfigurationExample", "samples\NLog\ProgrammaticConfigurationExample\ProgrammaticConfigurationExample.csproj", "{BEC56974-2CAF-4FC0-848F-312FF153174F}"
EndProject
Project("{9A19103F-16F7-4668-BE54-9A1E7A4F7556}") = "ConsoleSample", "samples\AspNetCore\ConsoleSample\ConsoleSample.csproj", "{49860DDF-0A02-4D51-BF75-15B336455661}"
EndProject
Project("{FAE04EC0-301F-11D3-BF4B-00C04F79EFBC}") = "ConfigExample", "samples\Log4net\ConfigExample\ConfigExample.csproj", "{34419D16-C17E-48FC-AEFB-D56A77C6419B}"
EndProject
Project("{FAE04EC0-301F-11D3-BF4B-00C04F79EFBC}") = "ProgrammaticConfigurationExample", "samples\Log4net\ProgrammaticConfigurationExample\ProgrammaticConfigurationExample.csproj", "{3A725E5C-A78B-4724-9934-AD2D96A158C6}"
EndProject
Project("{9A19103F-16F7-4668-BE54-9A1E7A4F7556}") = "AWS.Logger.NLog.Tests", "test\AWS.Logger.NLog.Tests\AWS.Logger.NLog.Tests.csproj", "{F7986868-9D7E-4DF6-A57E-E79E38AD166D}"
EndProject
Project("{9A19103F-16F7-4668-BE54-9A1E7A4F7556}") = "AWS.Logger.Log4Net.Tests", "test\AWS.Logger.Log4Net.Tests\AWS.Logger.Log4Net.Tests.csproj", "{C63B828F-D01D-4CA3-922D-5E283DD1CCF1}"
EndProject
Project("{9A19103F-16F7-4668-BE54-9A1E7A4F7556}") = "AWS.Logger.NLog.FilterTests", "test\AWS.Logger.NLog.FilterTests\AWS.Logger.NLog.FilterTests.csproj", "{48377844-B524-46AC-B465-246A1552FE64}"
EndProject
Project("{9A19103F-16F7-4668-BE54-9A1E7A4F7556}") = "AWS.Logger.Log4Net.FilterTests", "test\AWS.Logger.Log4Net.FilterTests\AWS.Logger.Log4Net.FilterTests.csproj", "{1A4E2BC7-CFE5-4532-9CFD-4DC1EFA0AD82}"
EndProject
Project("{9A19103F-16F7-4668-BE54-9A1E7A4F7556}") = "AWS.Logger.TestUtils", "test\AWS.Logger.TestUtils\AWS.Logger.TestUtils.csproj", "{ADFF6031-0F8E-4EED-8E28-F29F0900BC11}"
EndProject
Project("{9A19103F-16F7-4668-BE54-9A1E7A4F7556}") = "AWS.Logger.AspNetCore", "src\AWS.Logger.AspNetCore\AWS.Logger.AspNetCore.csproj", "{19DC3D22-096E-4A3C-9AF3-8FC49B198588}"
EndProject
Project("{9A19103F-16F7-4668-BE54-9A1E7A4F7556}") = "AWS.Logger.Core", "src\AWS.Logger.Core\AWS.Logger.Core.csproj", "{1D79E360-24D9-46FD-B744-63EABB17A1F6}"
EndProject
Project("{9A19103F-16F7-4668-BE54-9A1E7A4F7556}") = "AWS.Logger.AspNetCore.Tests", "test\AWS.Logger.AspNetCore.Tests\AWS.Logger.AspNetCore.Tests.csproj", "{5A310E6B-DE9C-41F6-B03F-6BE7718FFF27}"
EndProject
Project("{9A19103F-16F7-4668-BE54-9A1E7A4F7556}") = "AWS.Logger.UnitTests", "test\AWS.Logger.UnitTests\AWS.Logger.UnitTests.csproj", "{14E1469E-4799-486D-ABD9-873283BF31EE}"
EndProject
Project("{9A19103F-16F7-4668-BE54-9A1E7A4F7556}") = "AWS.Logger.SeriLog.Tests", "test\AWS.Logger.SeriLog.Tests\AWS.Logger.SeriLog.Tests.csproj", "{D18AD3E0-9465-4393-AEDB-F2E75DEE839C}"
EndProject
Project("{9A19103F-16F7-4668-BE54-9A1E7A4F7556}") = "AWS.Logger.SeriLog", "src\AWS.Logger.SeriLog\AWS.Logger.SeriLog.csproj", "{916D3A6A-3713-48FB-8978-1440CD02F782}"
EndProject
Project("{FAE04EC0-301F-11D3-BF4B-00C04F79EFBC}") = "BasicAWSCredentialsConfigurationExample", "samples\Log4net\BasicAWSCredentialsConfigurationExample\BasicAWSCredentialsConfigurationExample.csproj", "{7249C7F3-A0EF-4940-9931-3096C87E009E}"
EndProject
Project("{9A19103F-16F7-4668-BE54-9A1E7A4F7556}") = "WebSample", "samples\AspNetCore\WebSample\WebSample.csproj", "{95F48BA5-D01C-47F1-9D66-3A6D122A314E}"
EndProject
Project("{9A19103F-16F7-4668-BE54-9A1E7A4F7556}") = "SerilogTestCode", "samples\Serilog\SerilogTestCode\SerilogTestCode.csproj", "{72EE670C-BEF1-4319-8F64-209FF12528E2}"
EndProject
Project("{9A19103F-16F7-4668-BE54-9A1E7A4F7556}") = "SerilogTestCodeFromConfig", "samples\Serilog\SerilogTestCodeFromConfig\SerilogTestCodeFromConfig.csproj", "{87B82DF2-003B-4A83-AA44-5420714D6C70}"
EndProject
Project("{9A19103F-16F7-4668-BE54-9A1E7A4F7556}") = "SerilogTestCodeFromConfigRestrictedToMinimumLevel", "samples\Serilog\SerilogTestCodeFromConfigRestrictedToMinimumLevel\SerilogTestCodeFromConfigRestrictedToMinimumLevel.csproj", "{69DE761E-E9E4-4A65-B71E-D23AA4A1AF36}"
EndProject
Global
	GlobalSection(SolutionConfigurationPlatforms) = preSolution
		Debug|Any CPU = Debug|Any CPU
		Release|Any CPU = Release|Any CPU
	EndGlobalSection
	GlobalSection(ProjectConfigurationPlatforms) = postSolution
		{78312E9B-BC7C-4AF8-9153-DD72BBF4FD36}.Debug|Any CPU.ActiveCfg = Debug|Any CPU
		{78312E9B-BC7C-4AF8-9153-DD72BBF4FD36}.Debug|Any CPU.Build.0 = Debug|Any CPU
		{78312E9B-BC7C-4AF8-9153-DD72BBF4FD36}.Release|Any CPU.ActiveCfg = Release|Any CPU
		{78312E9B-BC7C-4AF8-9153-DD72BBF4FD36}.Release|Any CPU.Build.0 = Release|Any CPU
		{5BBF70EA-A239-4A42-B1E6-83ADCC01153B}.Debug|Any CPU.ActiveCfg = Debug|Any CPU
		{5BBF70EA-A239-4A42-B1E6-83ADCC01153B}.Debug|Any CPU.Build.0 = Debug|Any CPU
		{5BBF70EA-A239-4A42-B1E6-83ADCC01153B}.Release|Any CPU.ActiveCfg = Release|Any CPU
		{5BBF70EA-A239-4A42-B1E6-83ADCC01153B}.Release|Any CPU.Build.0 = Release|Any CPU
		{71373EC1-B7CD-41E5-9AEE-2D58269079A2}.Debug|Any CPU.ActiveCfg = Debug|Any CPU
		{71373EC1-B7CD-41E5-9AEE-2D58269079A2}.Debug|Any CPU.Build.0 = Debug|Any CPU
		{71373EC1-B7CD-41E5-9AEE-2D58269079A2}.Release|Any CPU.ActiveCfg = Release|Any CPU
		{71373EC1-B7CD-41E5-9AEE-2D58269079A2}.Release|Any CPU.Build.0 = Release|Any CPU
		{BEC56974-2CAF-4FC0-848F-312FF153174F}.Debug|Any CPU.ActiveCfg = Debug|Any CPU
		{BEC56974-2CAF-4FC0-848F-312FF153174F}.Debug|Any CPU.Build.0 = Debug|Any CPU
		{BEC56974-2CAF-4FC0-848F-312FF153174F}.Release|Any CPU.ActiveCfg = Release|Any CPU
		{BEC56974-2CAF-4FC0-848F-312FF153174F}.Release|Any CPU.Build.0 = Release|Any CPU
		{49860DDF-0A02-4D51-BF75-15B336455661}.Debug|Any CPU.ActiveCfg = Debug|Any CPU
		{49860DDF-0A02-4D51-BF75-15B336455661}.Debug|Any CPU.Build.0 = Debug|Any CPU
		{49860DDF-0A02-4D51-BF75-15B336455661}.Release|Any CPU.ActiveCfg = Release|Any CPU
		{49860DDF-0A02-4D51-BF75-15B336455661}.Release|Any CPU.Build.0 = Release|Any CPU
		{34419D16-C17E-48FC-AEFB-D56A77C6419B}.Debug|Any CPU.ActiveCfg = Debug|Any CPU
		{34419D16-C17E-48FC-AEFB-D56A77C6419B}.Debug|Any CPU.Build.0 = Debug|Any CPU
		{34419D16-C17E-48FC-AEFB-D56A77C6419B}.Release|Any CPU.ActiveCfg = Release|Any CPU
		{34419D16-C17E-48FC-AEFB-D56A77C6419B}.Release|Any CPU.Build.0 = Release|Any CPU
		{3A725E5C-A78B-4724-9934-AD2D96A158C6}.Debug|Any CPU.ActiveCfg = Debug|Any CPU
		{3A725E5C-A78B-4724-9934-AD2D96A158C6}.Debug|Any CPU.Build.0 = Debug|Any CPU
		{3A725E5C-A78B-4724-9934-AD2D96A158C6}.Release|Any CPU.ActiveCfg = Release|Any CPU
		{3A725E5C-A78B-4724-9934-AD2D96A158C6}.Release|Any CPU.Build.0 = Release|Any CPU
		{F7986868-9D7E-4DF6-A57E-E79E38AD166D}.Debug|Any CPU.ActiveCfg = Debug|Any CPU
		{F7986868-9D7E-4DF6-A57E-E79E38AD166D}.Debug|Any CPU.Build.0 = Debug|Any CPU
		{F7986868-9D7E-4DF6-A57E-E79E38AD166D}.Release|Any CPU.ActiveCfg = Release|Any CPU
		{F7986868-9D7E-4DF6-A57E-E79E38AD166D}.Release|Any CPU.Build.0 = Release|Any CPU
		{C63B828F-D01D-4CA3-922D-5E283DD1CCF1}.Debug|Any CPU.ActiveCfg = Debug|Any CPU
		{C63B828F-D01D-4CA3-922D-5E283DD1CCF1}.Debug|Any CPU.Build.0 = Debug|Any CPU
		{C63B828F-D01D-4CA3-922D-5E283DD1CCF1}.Release|Any CPU.ActiveCfg = Release|Any CPU
		{C63B828F-D01D-4CA3-922D-5E283DD1CCF1}.Release|Any CPU.Build.0 = Release|Any CPU
		{48377844-B524-46AC-B465-246A1552FE64}.Debug|Any CPU.ActiveCfg = Debug|Any CPU
		{48377844-B524-46AC-B465-246A1552FE64}.Debug|Any CPU.Build.0 = Debug|Any CPU
		{48377844-B524-46AC-B465-246A1552FE64}.Release|Any CPU.ActiveCfg = Release|Any CPU
		{48377844-B524-46AC-B465-246A1552FE64}.Release|Any CPU.Build.0 = Release|Any CPU
		{1A4E2BC7-CFE5-4532-9CFD-4DC1EFA0AD82}.Debug|Any CPU.ActiveCfg = Debug|Any CPU
		{1A4E2BC7-CFE5-4532-9CFD-4DC1EFA0AD82}.Debug|Any CPU.Build.0 = Debug|Any CPU
		{1A4E2BC7-CFE5-4532-9CFD-4DC1EFA0AD82}.Release|Any CPU.ActiveCfg = Release|Any CPU
		{1A4E2BC7-CFE5-4532-9CFD-4DC1EFA0AD82}.Release|Any CPU.Build.0 = Release|Any CPU
		{ADFF6031-0F8E-4EED-8E28-F29F0900BC11}.Debug|Any CPU.ActiveCfg = Debug|Any CPU
		{ADFF6031-0F8E-4EED-8E28-F29F0900BC11}.Debug|Any CPU.Build.0 = Debug|Any CPU
		{ADFF6031-0F8E-4EED-8E28-F29F0900BC11}.Release|Any CPU.ActiveCfg = Release|Any CPU
		{ADFF6031-0F8E-4EED-8E28-F29F0900BC11}.Release|Any CPU.Build.0 = Release|Any CPU
		{19DC3D22-096E-4A3C-9AF3-8FC49B198588}.Debug|Any CPU.ActiveCfg = Debug|Any CPU
		{19DC3D22-096E-4A3C-9AF3-8FC49B198588}.Debug|Any CPU.Build.0 = Debug|Any CPU
		{19DC3D22-096E-4A3C-9AF3-8FC49B198588}.Release|Any CPU.ActiveCfg = Release|Any CPU
		{19DC3D22-096E-4A3C-9AF3-8FC49B198588}.Release|Any CPU.Build.0 = Release|Any CPU
		{1D79E360-24D9-46FD-B744-63EABB17A1F6}.Debug|Any CPU.ActiveCfg = Debug|Any CPU
		{1D79E360-24D9-46FD-B744-63EABB17A1F6}.Debug|Any CPU.Build.0 = Debug|Any CPU
		{1D79E360-24D9-46FD-B744-63EABB17A1F6}.Release|Any CPU.ActiveCfg = Release|Any CPU
		{1D79E360-24D9-46FD-B744-63EABB17A1F6}.Release|Any CPU.Build.0 = Release|Any CPU
		{5A310E6B-DE9C-41F6-B03F-6BE7718FFF27}.Debug|Any CPU.ActiveCfg = Debug|Any CPU
		{5A310E6B-DE9C-41F6-B03F-6BE7718FFF27}.Debug|Any CPU.Build.0 = Debug|Any CPU
		{5A310E6B-DE9C-41F6-B03F-6BE7718FFF27}.Release|Any CPU.ActiveCfg = Release|Any CPU
		{5A310E6B-DE9C-41F6-B03F-6BE7718FFF27}.Release|Any CPU.Build.0 = Release|Any CPU
		{14E1469E-4799-486D-ABD9-873283BF31EE}.Debug|Any CPU.ActiveCfg = Debug|Any CPU
		{14E1469E-4799-486D-ABD9-873283BF31EE}.Debug|Any CPU.Build.0 = Debug|Any CPU
		{14E1469E-4799-486D-ABD9-873283BF31EE}.Release|Any CPU.ActiveCfg = Release|Any CPU
		{14E1469E-4799-486D-ABD9-873283BF31EE}.Release|Any CPU.Build.0 = Release|Any CPU
		{D18AD3E0-9465-4393-AEDB-F2E75DEE839C}.Debug|Any CPU.ActiveCfg = Debug|Any CPU
		{D18AD3E0-9465-4393-AEDB-F2E75DEE839C}.Debug|Any CPU.Build.0 = Debug|Any CPU
		{D18AD3E0-9465-4393-AEDB-F2E75DEE839C}.Release|Any CPU.ActiveCfg = Release|Any CPU
		{D18AD3E0-9465-4393-AEDB-F2E75DEE839C}.Release|Any CPU.Build.0 = Release|Any CPU
		{916D3A6A-3713-48FB-8978-1440CD02F782}.Debug|Any CPU.ActiveCfg = Debug|Any CPU
		{916D3A6A-3713-48FB-8978-1440CD02F782}.Debug|Any CPU.Build.0 = Debug|Any CPU
		{916D3A6A-3713-48FB-8978-1440CD02F782}.Release|Any CPU.ActiveCfg = Release|Any CPU
		{916D3A6A-3713-48FB-8978-1440CD02F782}.Release|Any CPU.Build.0 = Release|Any CPU
		{7249C7F3-A0EF-4940-9931-3096C87E009E}.Debug|Any CPU.ActiveCfg = Debug|Any CPU
		{7249C7F3-A0EF-4940-9931-3096C87E009E}.Debug|Any CPU.Build.0 = Debug|Any CPU
		{7249C7F3-A0EF-4940-9931-3096C87E009E}.Release|Any CPU.ActiveCfg = Release|Any CPU
		{7249C7F3-A0EF-4940-9931-3096C87E009E}.Release|Any CPU.Build.0 = Release|Any CPU
		{95F48BA5-D01C-47F1-9D66-3A6D122A314E}.Debug|Any CPU.ActiveCfg = Debug|Any CPU
		{95F48BA5-D01C-47F1-9D66-3A6D122A314E}.Debug|Any CPU.Build.0 = Debug|Any CPU
		{95F48BA5-D01C-47F1-9D66-3A6D122A314E}.Release|Any CPU.ActiveCfg = Release|Any CPU
		{95F48BA5-D01C-47F1-9D66-3A6D122A314E}.Release|Any CPU.Build.0 = Release|Any CPU
		{72EE670C-BEF1-4319-8F64-209FF12528E2}.Debug|Any CPU.ActiveCfg = Debug|Any CPU
		{72EE670C-BEF1-4319-8F64-209FF12528E2}.Debug|Any CPU.Build.0 = Debug|Any CPU
		{72EE670C-BEF1-4319-8F64-209FF12528E2}.Release|Any CPU.ActiveCfg = Release|Any CPU
		{72EE670C-BEF1-4319-8F64-209FF12528E2}.Release|Any CPU.Build.0 = Release|Any CPU
		{87B82DF2-003B-4A83-AA44-5420714D6C70}.Debug|Any CPU.ActiveCfg = Debug|Any CPU
		{87B82DF2-003B-4A83-AA44-5420714D6C70}.Debug|Any CPU.Build.0 = Debug|Any CPU
		{87B82DF2-003B-4A83-AA44-5420714D6C70}.Release|Any CPU.ActiveCfg = Release|Any CPU
		{87B82DF2-003B-4A83-AA44-5420714D6C70}.Release|Any CPU.Build.0 = Release|Any CPU
		{69DE761E-E9E4-4A65-B71E-D23AA4A1AF36}.Debug|Any CPU.ActiveCfg = Debug|Any CPU
		{69DE761E-E9E4-4A65-B71E-D23AA4A1AF36}.Debug|Any CPU.Build.0 = Debug|Any CPU
		{69DE761E-E9E4-4A65-B71E-D23AA4A1AF36}.Release|Any CPU.ActiveCfg = Release|Any CPU
		{69DE761E-E9E4-4A65-B71E-D23AA4A1AF36}.Release|Any CPU.Build.0 = Release|Any CPU
	EndGlobalSection
	GlobalSection(SolutionProperties) = preSolution
		HideSolutionNode = FALSE
	EndGlobalSection
	GlobalSection(NestedProjects) = preSolution
		{7A064171-6FA7-44CC-9819-2C383A3195D9} = {2E63B9B6-CE21-41D3-8B54-51454D8FA0BB}
		{207FA88A-9F32-45A0-84AC-838383875A55} = {2E63B9B6-CE21-41D3-8B54-51454D8FA0BB}
		{D28DFB15-FA6F-42EE-890C-E6300A187CCA} = {2E63B9B6-CE21-41D3-8B54-51454D8FA0BB}
		{87F72A08-D504-4DB5-91DC-CDD4F8C6B85D} = {2E63B9B6-CE21-41D3-8B54-51454D8FA0BB}
		{78312E9B-BC7C-4AF8-9153-DD72BBF4FD36} = {E3018A04-6209-4500-B8F2-706514407F90}
		{5BBF70EA-A239-4A42-B1E6-83ADCC01153B} = {E3018A04-6209-4500-B8F2-706514407F90}
		{71373EC1-B7CD-41E5-9AEE-2D58269079A2} = {7A064171-6FA7-44CC-9819-2C383A3195D9}
		{BEC56974-2CAF-4FC0-848F-312FF153174F} = {7A064171-6FA7-44CC-9819-2C383A3195D9}
		{49860DDF-0A02-4D51-BF75-15B336455661} = {207FA88A-9F32-45A0-84AC-838383875A55}
		{34419D16-C17E-48FC-AEFB-D56A77C6419B} = {D28DFB15-FA6F-42EE-890C-E6300A187CCA}
		{3A725E5C-A78B-4724-9934-AD2D96A158C6} = {D28DFB15-FA6F-42EE-890C-E6300A187CCA}
		{F7986868-9D7E-4DF6-A57E-E79E38AD166D} = {5646565D-E0F8-4EB3-AE6A-6C288B831C7A}
		{C63B828F-D01D-4CA3-922D-5E283DD1CCF1} = {5646565D-E0F8-4EB3-AE6A-6C288B831C7A}
		{48377844-B524-46AC-B465-246A1552FE64} = {5646565D-E0F8-4EB3-AE6A-6C288B831C7A}
		{1A4E2BC7-CFE5-4532-9CFD-4DC1EFA0AD82} = {5646565D-E0F8-4EB3-AE6A-6C288B831C7A}
		{ADFF6031-0F8E-4EED-8E28-F29F0900BC11} = {5646565D-E0F8-4EB3-AE6A-6C288B831C7A}
		{19DC3D22-096E-4A3C-9AF3-8FC49B198588} = {E3018A04-6209-4500-B8F2-706514407F90}
		{1D79E360-24D9-46FD-B744-63EABB17A1F6} = {E3018A04-6209-4500-B8F2-706514407F90}
		{5A310E6B-DE9C-41F6-B03F-6BE7718FFF27} = {5646565D-E0F8-4EB3-AE6A-6C288B831C7A}
		{14E1469E-4799-486D-ABD9-873283BF31EE} = {5646565D-E0F8-4EB3-AE6A-6C288B831C7A}
		{D18AD3E0-9465-4393-AEDB-F2E75DEE839C} = {5646565D-E0F8-4EB3-AE6A-6C288B831C7A}
		{916D3A6A-3713-48FB-8978-1440CD02F782} = {E3018A04-6209-4500-B8F2-706514407F90}
		{7249C7F3-A0EF-4940-9931-3096C87E009E} = {D28DFB15-FA6F-42EE-890C-E6300A187CCA}
		{95F48BA5-D01C-47F1-9D66-3A6D122A314E} = {207FA88A-9F32-45A0-84AC-838383875A55}
		{72EE670C-BEF1-4319-8F64-209FF12528E2} = {87F72A08-D504-4DB5-91DC-CDD4F8C6B85D}
		{87B82DF2-003B-4A83-AA44-5420714D6C70} = {87F72A08-D504-4DB5-91DC-CDD4F8C6B85D}
		{69DE761E-E9E4-4A65-B71E-D23AA4A1AF36} = {87F72A08-D504-4DB5-91DC-CDD4F8C6B85D}
	EndGlobalSection
	GlobalSection(ExtensibilityGlobals) = postSolution
		SolutionGuid = {46F50BDA-08A5-4A81-9CA9-F0B732C341A7}
	EndGlobalSection
EndGlobal
