
Microsoft Visual Studio Solution File, Format Version 12.00
# Visual Studio 14
VisualStudioVersion = 14.0.25420.1
MinimumVisualStudioVersion = 10.0.40219.1
Project("{2150E333-8FDC-42A3-9474-1A3956D46DE8}") = "src", "src", "{E3018A04-6209-4500-B8F2-706514407F90}"
EndProject
Project("{2150E333-8FDC-42A3-9474-1A3956D46DE8}") = "Solution Items", "Solution Items", "{F0B1C5EC-E0D0-46FC-957C-B99645ABF5B9}"
	ProjectSection(SolutionItems) = preProject
		global.json = global.json
		README.md = README.md
		RELEASE.CHANGELOG.md = RELEASE.CHANGELOG.md
	EndProjectSection
EndProject
Project("{8BB2217D-0F2D-49D1-97BC-3654ED321F3B}") = "AWS.Logger.Core (.NET Core)", "src\AWS.Logger.Core\AWS.Logger.Core (.NET Core).xproj", "{D99FE4CD-0566-43F0-A339-B6FD7E603D10}"
EndProject
Project("{FAE04EC0-301F-11D3-BF4B-00C04F79EFBC}") = "AWS.Logger.Core", "src\AWS.Logger.Core\AWS.Logger.Core.csproj", "{7CFF5520-83CF-4FC4-9669-7A017E2612D5}"
EndProject
Project("{2150E333-8FDC-42A3-9474-1A3956D46DE8}") = "test", "test", "{5646565D-E0F8-4EB3-AE6A-6C288B831C7A}"
EndProject
Project("{FAE04EC0-301F-11D3-BF4B-00C04F79EFBC}") = "AWS.Logger.Log4net", "src\AWS.Logger.Log4net\AWS.Logger.Log4net.csproj", "{78312E9B-BC7C-4AF8-9153-DD72BBF4FD36}"
EndProject
Project("{8BB2217D-0F2D-49D1-97BC-3654ED321F3B}") = "NLog.AWS.Logger (.NET Core)", "src\NLog.AWS.Logger\NLog.AWS.Logger (.NET Core).xproj", "{5BBF70EA-A239-4A42-B1E6-83ADCC01153B}"
EndProject
Project("{8BB2217D-0F2D-49D1-97BC-3654ED321F3B}") = "AWS.Logger.AspNetCore (.NET Core)", "src\AWS.Logger.AspNetCore\AWS.Logger.AspNetCore (.NET Core).xproj", "{D6E377BC-D5B2-4A38-933D-6301FE9A5204}"
EndProject
Project("{2150E333-8FDC-42A3-9474-1A3956D46DE8}") = "samples", "samples", "{2E63B9B6-CE21-41D3-8B54-51454D8FA0BB}"
EndProject
Project("{2150E333-8FDC-42A3-9474-1A3956D46DE8}") = "NLog", "NLog", "{7A064171-6FA7-44CC-9819-2C383A3195D9}"
EndProject
Project("{FAE04EC0-301F-11D3-BF4B-00C04F79EFBC}") = "ConfigExample", "samples\NLog\ConfigExample\ConfigExample.csproj", "{71373EC1-B7CD-41E5-9AEE-2D58269079A2}"
EndProject
Project("{FAE04EC0-301F-11D3-BF4B-00C04F79EFBC}") = "ProgrammaticConfigurationExample", "samples\NLog\ProgrammaticConfigurationExample\ProgrammaticConfigurationExample.csproj", "{BEC56974-2CAF-4FC0-848F-312FF153174F}"
EndProject
Project("{2150E333-8FDC-42A3-9474-1A3956D46DE8}") = "AspNetCore", "AspNetCore", "{207FA88A-9F32-45A0-84AC-838383875A55}"
EndProject
Project("{8BB2217D-0F2D-49D1-97BC-3654ED321F3B}") = "ConsoleSample", "samples\AspNetCore\ConsoleSample\ConsoleSample.xproj", "{49860DDF-0A02-4D51-BF75-15B336455661}"
EndProject
Project("{8BB2217D-0F2D-49D1-97BC-3654ED321F3B}") = "WebSample", "samples\AspNetCore\WebSample\WebSample.xproj", "{78B3E877-3E58-4647-B928-5E5852295362}"
EndProject
Project("{8BB2217D-0F2D-49D1-97BC-3654ED321F3B}") = "AWS.Logger.AspNetCore.Tests", "test\AWS.Logger.AspNetCore.Tests\AWS.Logger.AspNetCore.Tests.xproj", "{77B72C22-7B5C-4412-98BF-9714574D8AD6}"
EndProject
Project("{2150E333-8FDC-42A3-9474-1A3956D46DE8}") = "Log4net", "Log4net", "{D28DFB15-FA6F-42EE-890C-E6300A187CCA}"
EndProject
Project("{FAE04EC0-301F-11D3-BF4B-00C04F79EFBC}") = "ConfigExample", "samples\Log4net\ConfigExample\ConfigExample.csproj", "{34419D16-C17E-48FC-AEFB-D56A77C6419B}"
EndProject
Project("{FAE04EC0-301F-11D3-BF4B-00C04F79EFBC}") = "ProgrammaticConfigurationExample", "samples\Log4net\ProgrammaticConfigurationExample\ProgrammaticConfigurationExample.csproj", "{3A725E5C-A78B-4724-9934-AD2D96A158C6}"
EndProject
Project("{8BB2217D-0F2D-49D1-97BC-3654ED321F3B}") = "AWS.Logger.NLog.Tests (.NET Core)", "test\AWS.Logger.NLog.Tests\AWS.Logger.NLog.Tests (.NET Core).xproj", "{F7986868-9D7E-4DF6-A57E-E79E38AD166D}"
EndProject
Project("{FAE04EC0-301F-11D3-BF4B-00C04F79EFBC}") = "AWS.Logger.Log4Net.Tests", "test\AWS.Logger.Log4Net.Tests\AWS.Logger.Log4Net.Tests.csproj", "{C63B828F-D01D-4CA3-922D-5E283DD1CCF1}"
EndProject
Project("{8BB2217D-0F2D-49D1-97BC-3654ED321F3B}") = "AWS.Logger.NLog.FilterTests (.NET Core)", "test\AWS.Logger.NLog.FilterTests\AWS.Logger.NLog.FilterTests (.NET Core).xproj", "{48377844-B524-46AC-B465-246A1552FE64}"
EndProject
Project("{FAE04EC0-301F-11D3-BF4B-00C04F79EFBC}") = "AWS.Logger.NLog.Tests", "test\AWS.Logger.NLog.Tests\AWS.Logger.NLog.Tests.csproj", "{91CF836A-4D1C-489F-9475-6C7C2673D617}"
EndProject
Project("{FAE04EC0-301F-11D3-BF4B-00C04F79EFBC}") = "AWS.Logger.Log4Net.FilterTests", "test\AWS.Logger.Log4Net.FilterTests\AWS.Logger.Log4Net.FilterTests.csproj", "{1A4E2BC7-CFE5-4532-9CFD-4DC1EFA0AD82}"
EndProject
Project("{FAE04EC0-301F-11D3-BF4B-00C04F79EFBC}") = "AWS.Logger.NLog.FilterTests", "test\AWS.Logger.NLog.FilterTests\AWS.Logger.NLog.FilterTests.csproj", "{E10D36C7-4CC6-458A-A960-31EF024EF187}"
EndProject
Project("{FAE04EC0-301F-11D3-BF4B-00C04F79EFBC}") = "NLog.AWS.Logger", "src\NLog.AWS.Logger\NLog.AWS.Logger.csproj", "{284ABC3B-DA69-4038-A025-0212A6DF65A3}"
EndProject
Project("{8BB2217D-0F2D-49D1-97BC-3654ED321F3B}") = "AWS.Logger.TestUtils (.NET Core)", "test\AWS.Logger.TestUtils\AWS.Logger.TestUtils (.NET Core).xproj", "{ADFF6031-0F8E-4EED-8E28-F29F0900BC11}"
EndProject
Project("{FAE04EC0-301F-11D3-BF4B-00C04F79EFBC}") = "AWS.Logger.TestUtils", "test\AWS.Logger.TestUtils\AWS.Logger.TestUtils.csproj", "{AB1255E0-1956-401D-A0B2-3855CFBCBF7E}"
EndProject
Global
	GlobalSection(SolutionConfigurationPlatforms) = preSolution
		Debug|Any CPU = Debug|Any CPU
		Release|Any CPU = Release|Any CPU
	EndGlobalSection
	GlobalSection(ProjectConfigurationPlatforms) = postSolution
		{D99FE4CD-0566-43F0-A339-B6FD7E603D10}.Debug|Any CPU.ActiveCfg = Debug|Any CPU
		{D99FE4CD-0566-43F0-A339-B6FD7E603D10}.Debug|Any CPU.Build.0 = Debug|Any CPU
		{D99FE4CD-0566-43F0-A339-B6FD7E603D10}.Release|Any CPU.ActiveCfg = Release|Any CPU
		{D99FE4CD-0566-43F0-A339-B6FD7E603D10}.Release|Any CPU.Build.0 = Release|Any CPU
		{7CFF5520-83CF-4FC4-9669-7A017E2612D5}.Debug|Any CPU.ActiveCfg = Debug|Any CPU
		{7CFF5520-83CF-4FC4-9669-7A017E2612D5}.Debug|Any CPU.Build.0 = Debug|Any CPU
		{7CFF5520-83CF-4FC4-9669-7A017E2612D5}.Release|Any CPU.ActiveCfg = Release|Any CPU
		{7CFF5520-83CF-4FC4-9669-7A017E2612D5}.Release|Any CPU.Build.0 = Release|Any CPU
		{78312E9B-BC7C-4AF8-9153-DD72BBF4FD36}.Debug|Any CPU.ActiveCfg = Debug|Any CPU
		{78312E9B-BC7C-4AF8-9153-DD72BBF4FD36}.Debug|Any CPU.Build.0 = Debug|Any CPU
		{78312E9B-BC7C-4AF8-9153-DD72BBF4FD36}.Release|Any CPU.ActiveCfg = Release|Any CPU
		{78312E9B-BC7C-4AF8-9153-DD72BBF4FD36}.Release|Any CPU.Build.0 = Release|Any CPU
		{5BBF70EA-A239-4A42-B1E6-83ADCC01153B}.Debug|Any CPU.ActiveCfg = Debug|Any CPU
		{5BBF70EA-A239-4A42-B1E6-83ADCC01153B}.Debug|Any CPU.Build.0 = Debug|Any CPU
		{5BBF70EA-A239-4A42-B1E6-83ADCC01153B}.Release|Any CPU.ActiveCfg = Release|Any CPU
		{5BBF70EA-A239-4A42-B1E6-83ADCC01153B}.Release|Any CPU.Build.0 = Release|Any CPU
		{D6E377BC-D5B2-4A38-933D-6301FE9A5204}.Debug|Any CPU.ActiveCfg = Debug|Any CPU
		{D6E377BC-D5B2-4A38-933D-6301FE9A5204}.Debug|Any CPU.Build.0 = Debug|Any CPU
		{D6E377BC-D5B2-4A38-933D-6301FE9A5204}.Release|Any CPU.ActiveCfg = Release|Any CPU
		{D6E377BC-D5B2-4A38-933D-6301FE9A5204}.Release|Any CPU.Build.0 = Release|Any CPU
		{71373EC1-B7CD-41E5-9AEE-2D58269079A2}.Debug|Any CPU.ActiveCfg = Debug|Any CPU
		{71373EC1-B7CD-41E5-9AEE-2D58269079A2}.Debug|Any CPU.Build.0 = Debug|Any CPU
		{71373EC1-B7CD-41E5-9AEE-2D58269079A2}.Release|Any CPU.ActiveCfg = Release|Any CPU
		{71373EC1-B7CD-41E5-9AEE-2D58269079A2}.Release|Any CPU.Build.0 = Release|Any CPU
		{BEC56974-2CAF-4FC0-848F-312FF153174F}.Debug|Any CPU.ActiveCfg = Debug|Any CPU
		{BEC56974-2CAF-4FC0-848F-312FF153174F}.Debug|Any CPU.Build.0 = Debug|Any CPU
		{BEC56974-2CAF-4FC0-848F-312FF153174F}.Release|Any CPU.ActiveCfg = Release|Any CPU
		{BEC56974-2CAF-4FC0-848F-312FF153174F}.Release|Any CPU.Build.0 = Release|Any CPU
		{49860DDF-0A02-4D51-BF75-15B336455661}.Debug|Any CPU.ActiveCfg = Debug|Any CPU
		{49860DDF-0A02-4D51-BF75-15B336455661}.Debug|Any CPU.Build.0 = Debug|Any CPU
		{49860DDF-0A02-4D51-BF75-15B336455661}.Release|Any CPU.ActiveCfg = Release|Any CPU
		{49860DDF-0A02-4D51-BF75-15B336455661}.Release|Any CPU.Build.0 = Release|Any CPU
		{78B3E877-3E58-4647-B928-5E5852295362}.Debug|Any CPU.ActiveCfg = Debug|Any CPU
		{78B3E877-3E58-4647-B928-5E5852295362}.Debug|Any CPU.Build.0 = Debug|Any CPU
		{78B3E877-3E58-4647-B928-5E5852295362}.Release|Any CPU.ActiveCfg = Release|Any CPU
		{78B3E877-3E58-4647-B928-5E5852295362}.Release|Any CPU.Build.0 = Release|Any CPU
		{77B72C22-7B5C-4412-98BF-9714574D8AD6}.Debug|Any CPU.ActiveCfg = Debug|Any CPU
		{77B72C22-7B5C-4412-98BF-9714574D8AD6}.Debug|Any CPU.Build.0 = Debug|Any CPU
		{77B72C22-7B5C-4412-98BF-9714574D8AD6}.Release|Any CPU.ActiveCfg = Release|Any CPU
		{77B72C22-7B5C-4412-98BF-9714574D8AD6}.Release|Any CPU.Build.0 = Release|Any CPU
		{34419D16-C17E-48FC-AEFB-D56A77C6419B}.Debug|Any CPU.ActiveCfg = Debug|Any CPU
		{34419D16-C17E-48FC-AEFB-D56A77C6419B}.Debug|Any CPU.Build.0 = Debug|Any CPU
		{34419D16-C17E-48FC-AEFB-D56A77C6419B}.Release|Any CPU.ActiveCfg = Release|Any CPU
		{34419D16-C17E-48FC-AEFB-D56A77C6419B}.Release|Any CPU.Build.0 = Release|Any CPU
		{3A725E5C-A78B-4724-9934-AD2D96A158C6}.Debug|Any CPU.ActiveCfg = Debug|Any CPU
		{3A725E5C-A78B-4724-9934-AD2D96A158C6}.Debug|Any CPU.Build.0 = Debug|Any CPU
		{3A725E5C-A78B-4724-9934-AD2D96A158C6}.Release|Any CPU.ActiveCfg = Release|Any CPU
		{3A725E5C-A78B-4724-9934-AD2D96A158C6}.Release|Any CPU.Build.0 = Release|Any CPU
		{F7986868-9D7E-4DF6-A57E-E79E38AD166D}.Debug|Any CPU.ActiveCfg = Debug|Any CPU
		{F7986868-9D7E-4DF6-A57E-E79E38AD166D}.Debug|Any CPU.Build.0 = Debug|Any CPU
		{F7986868-9D7E-4DF6-A57E-E79E38AD166D}.Release|Any CPU.ActiveCfg = Release|Any CPU
		{F7986868-9D7E-4DF6-A57E-E79E38AD166D}.Release|Any CPU.Build.0 = Release|Any CPU
		{C63B828F-D01D-4CA3-922D-5E283DD1CCF1}.Debug|Any CPU.ActiveCfg = Debug|Any CPU
		{C63B828F-D01D-4CA3-922D-5E283DD1CCF1}.Debug|Any CPU.Build.0 = Debug|Any CPU
		{C63B828F-D01D-4CA3-922D-5E283DD1CCF1}.Release|Any CPU.ActiveCfg = Release|Any CPU
		{C63B828F-D01D-4CA3-922D-5E283DD1CCF1}.Release|Any CPU.Build.0 = Release|Any CPU
		{48377844-B524-46AC-B465-246A1552FE64}.Debug|Any CPU.ActiveCfg = Debug|Any CPU
		{48377844-B524-46AC-B465-246A1552FE64}.Debug|Any CPU.Build.0 = Debug|Any CPU
		{48377844-B524-46AC-B465-246A1552FE64}.Release|Any CPU.ActiveCfg = Release|Any CPU
		{48377844-B524-46AC-B465-246A1552FE64}.Release|Any CPU.Build.0 = Release|Any CPU
		{91CF836A-4D1C-489F-9475-6C7C2673D617}.Debug|Any CPU.ActiveCfg = Debug|Any CPU
		{91CF836A-4D1C-489F-9475-6C7C2673D617}.Debug|Any CPU.Build.0 = Debug|Any CPU
		{91CF836A-4D1C-489F-9475-6C7C2673D617}.Release|Any CPU.ActiveCfg = Release|Any CPU
		{91CF836A-4D1C-489F-9475-6C7C2673D617}.Release|Any CPU.Build.0 = Release|Any CPU
		{1A4E2BC7-CFE5-4532-9CFD-4DC1EFA0AD82}.Debug|Any CPU.ActiveCfg = Debug|Any CPU
		{1A4E2BC7-CFE5-4532-9CFD-4DC1EFA0AD82}.Debug|Any CPU.Build.0 = Debug|Any CPU
		{1A4E2BC7-CFE5-4532-9CFD-4DC1EFA0AD82}.Release|Any CPU.ActiveCfg = Release|Any CPU
		{1A4E2BC7-CFE5-4532-9CFD-4DC1EFA0AD82}.Release|Any CPU.Build.0 = Release|Any CPU
		{E10D36C7-4CC6-458A-A960-31EF024EF187}.Debug|Any CPU.ActiveCfg = Debug|Any CPU
		{E10D36C7-4CC6-458A-A960-31EF024EF187}.Debug|Any CPU.Build.0 = Debug|Any CPU
		{E10D36C7-4CC6-458A-A960-31EF024EF187}.Release|Any CPU.ActiveCfg = Release|Any CPU
		{E10D36C7-4CC6-458A-A960-31EF024EF187}.Release|Any CPU.Build.0 = Release|Any CPU
		{284ABC3B-DA69-4038-A025-0212A6DF65A3}.Debug|Any CPU.ActiveCfg = Debug|Any CPU
		{284ABC3B-DA69-4038-A025-0212A6DF65A3}.Debug|Any CPU.Build.0 = Debug|Any CPU
		{284ABC3B-DA69-4038-A025-0212A6DF65A3}.Release|Any CPU.ActiveCfg = Release|Any CPU
		{284ABC3B-DA69-4038-A025-0212A6DF65A3}.Release|Any CPU.Build.0 = Release|Any CPU
		{ADFF6031-0F8E-4EED-8E28-F29F0900BC11}.Debug|Any CPU.ActiveCfg = Debug|Any CPU
		{ADFF6031-0F8E-4EED-8E28-F29F0900BC11}.Debug|Any CPU.Build.0 = Debug|Any CPU
		{ADFF6031-0F8E-4EED-8E28-F29F0900BC11}.Release|Any CPU.ActiveCfg = Release|Any CPU
		{ADFF6031-0F8E-4EED-8E28-F29F0900BC11}.Release|Any CPU.Build.0 = Release|Any CPU
		{AB1255E0-1956-401D-A0B2-3855CFBCBF7E}.Debug|Any CPU.ActiveCfg = Debug|Any CPU
		{AB1255E0-1956-401D-A0B2-3855CFBCBF7E}.Debug|Any CPU.Build.0 = Debug|Any CPU
		{AB1255E0-1956-401D-A0B2-3855CFBCBF7E}.Release|Any CPU.ActiveCfg = Release|Any CPU
		{AB1255E0-1956-401D-A0B2-3855CFBCBF7E}.Release|Any CPU.Build.0 = Release|Any CPU
	EndGlobalSection
	GlobalSection(SolutionProperties) = preSolution
		HideSolutionNode = FALSE
	EndGlobalSection
	GlobalSection(NestedProjects) = preSolution
		{D99FE4CD-0566-43F0-A339-B6FD7E603D10} = {E3018A04-6209-4500-B8F2-706514407F90}
		{7CFF5520-83CF-4FC4-9669-7A017E2612D5} = {E3018A04-6209-4500-B8F2-706514407F90}
		{78312E9B-BC7C-4AF8-9153-DD72BBF4FD36} = {E3018A04-6209-4500-B8F2-706514407F90}
		{5BBF70EA-A239-4A42-B1E6-83ADCC01153B} = {E3018A04-6209-4500-B8F2-706514407F90}
		{D6E377BC-D5B2-4A38-933D-6301FE9A5204} = {E3018A04-6209-4500-B8F2-706514407F90}
		{7A064171-6FA7-44CC-9819-2C383A3195D9} = {2E63B9B6-CE21-41D3-8B54-51454D8FA0BB}
		{71373EC1-B7CD-41E5-9AEE-2D58269079A2} = {7A064171-6FA7-44CC-9819-2C383A3195D9}
		{BEC56974-2CAF-4FC0-848F-312FF153174F} = {7A064171-6FA7-44CC-9819-2C383A3195D9}
		{207FA88A-9F32-45A0-84AC-838383875A55} = {2E63B9B6-CE21-41D3-8B54-51454D8FA0BB}
		{49860DDF-0A02-4D51-BF75-15B336455661} = {207FA88A-9F32-45A0-84AC-838383875A55}
		{78B3E877-3E58-4647-B928-5E5852295362} = {207FA88A-9F32-45A0-84AC-838383875A55}
		{77B72C22-7B5C-4412-98BF-9714574D8AD6} = {5646565D-E0F8-4EB3-AE6A-6C288B831C7A}
		{D28DFB15-FA6F-42EE-890C-E6300A187CCA} = {2E63B9B6-CE21-41D3-8B54-51454D8FA0BB}
		{34419D16-C17E-48FC-AEFB-D56A77C6419B} = {D28DFB15-FA6F-42EE-890C-E6300A187CCA}
		{3A725E5C-A78B-4724-9934-AD2D96A158C6} = {D28DFB15-FA6F-42EE-890C-E6300A187CCA}
		{F7986868-9D7E-4DF6-A57E-E79E38AD166D} = {5646565D-E0F8-4EB3-AE6A-6C288B831C7A}
		{C63B828F-D01D-4CA3-922D-5E283DD1CCF1} = {5646565D-E0F8-4EB3-AE6A-6C288B831C7A}
		{48377844-B524-46AC-B465-246A1552FE64} = {5646565D-E0F8-4EB3-AE6A-6C288B831C7A}
		{91CF836A-4D1C-489F-9475-6C7C2673D617} = {5646565D-E0F8-4EB3-AE6A-6C288B831C7A}
		{1A4E2BC7-CFE5-4532-9CFD-4DC1EFA0AD82} = {5646565D-E0F8-4EB3-AE6A-6C288B831C7A}
		{E10D36C7-4CC6-458A-A960-31EF024EF187} = {5646565D-E0F8-4EB3-AE6A-6C288B831C7A}
		{284ABC3B-DA69-4038-A025-0212A6DF65A3} = {E3018A04-6209-4500-B8F2-706514407F90}
		{ADFF6031-0F8E-4EED-8E28-F29F0900BC11} = {5646565D-E0F8-4EB3-AE6A-6C288B831C7A}
		{AB1255E0-1956-401D-A0B2-3855CFBCBF7E} = {5646565D-E0F8-4EB3-AE6A-6C288B831C7A}
	EndGlobalSection
EndGlobal
